
Microsoft Visual Studio Solution File, Format Version 12.00
# Visual Studio 15
VisualStudioVersion = 15.0.28307.271
MinimumVisualStudioVersion = 10.0.40219.1
Project("{FAE04EC0-301F-11D3-BF4B-00C04F79EFBC}") = "SplashFireGame", "SplashFireGame\SplashFireGame.csproj", "{E3FF439E-F403-4930-BF9D-F729DA6BD4B4}"
EndProject
Project("{FAE04EC0-301F-11D3-BF4B-00C04F79EFBC}") = "SplashFireGameTests", "SplashFireGameTests\SplashFireGameTests.csproj", "{F25AB083-3C03-4CCA-8FE4-498222B5D4DB}"
EndProject
Global
	GlobalSection(SolutionConfigurationPlatforms) = preSolution
		Debug|Any CPU = Debug|Any CPU
		Release|Any CPU = Release|Any CPU
	EndGlobalSection
	GlobalSection(ProjectConfigurationPlatforms) = postSolution
		{E3FF439E-F403-4930-BF9D-F729DA6BD4B4}.Debug|Any CPU.ActiveCfg = Debug|Any CPU
		{E3FF439E-F403-4930-BF9D-F729DA6BD4B4}.Debug|Any CPU.Build.0 = Debug|Any CPU
		{E3FF439E-F403-4930-BF9D-F729DA6BD4B4}.Release|Any CPU.ActiveCfg = Release|Any CPU
		{E3FF439E-F403-4930-BF9D-F729DA6BD4B4}.Release|Any CPU.Build.0 = Release|Any CPU
		{F25AB083-3C03-4CCA-8FE4-498222B5D4DB}.Debug|Any CPU.ActiveCfg = Debug|Any CPU
		{F25AB083-3C03-4CCA-8FE4-498222B5D4DB}.Debug|Any CPU.Build.0 = Debug|Any CPU
		{F25AB083-3C03-4CCA-8FE4-498222B5D4DB}.Release|Any CPU.ActiveCfg = Release|Any CPU
		{F25AB083-3C03-4CCA-8FE4-498222B5D4DB}.Release|Any CPU.Build.0 = Release|Any CPU
	EndGlobalSection
	GlobalSection(SolutionProperties) = preSolution
		HideSolutionNode = FALSE
	EndGlobalSection
	GlobalSection(ExtensibilityGlobals) = postSolution
		SolutionGuid = {D68BF680-F652-4340-9E49-CEEDD33754EC}
	EndGlobalSection
EndGlobal
